
Microsoft Visual Studio Solution File, Format Version 12.00
# Visual Studio 2012
Project("{FAE04EC0-301F-11D3-BF4B-00C04F79EFBC}") = "Bitcoin-Bonuses", "Bitcoin-Bonuses\Bitcoin-Bonuses.csproj", "{6D2FA62D-6225-45D0-881E-59FDE9CB94BF}"
EndProject
Project("{FAE04EC0-301F-11D3-BF4B-00C04F79EFBC}") = "Bitcoin-Bonuses.Tests", "Bitcoin-Bonuses.Tests\Bitcoin-Bonuses.Tests.csproj", "{C48A0B4A-985E-486C-AAE9-7A1BE177E8E0}"
EndProject
Global
	GlobalSection(SolutionConfigurationPlatforms) = preSolution
		Debug|Any CPU = Debug|Any CPU
		Release|Any CPU = Release|Any CPU
	EndGlobalSection
	GlobalSection(ProjectConfigurationPlatforms) = postSolution
		{6D2FA62D-6225-45D0-881E-59FDE9CB94BF}.Debug|Any CPU.ActiveCfg = Debug|Any CPU
		{6D2FA62D-6225-45D0-881E-59FDE9CB94BF}.Debug|Any CPU.Build.0 = Debug|Any CPU
		{6D2FA62D-6225-45D0-881E-59FDE9CB94BF}.Release|Any CPU.ActiveCfg = Release|Any CPU
		{6D2FA62D-6225-45D0-881E-59FDE9CB94BF}.Release|Any CPU.Build.0 = Release|Any CPU
		{C48A0B4A-985E-486C-AAE9-7A1BE177E8E0}.Debug|Any CPU.ActiveCfg = Debug|Any CPU
		{C48A0B4A-985E-486C-AAE9-7A1BE177E8E0}.Debug|Any CPU.Build.0 = Debug|Any CPU
		{C48A0B4A-985E-486C-AAE9-7A1BE177E8E0}.Release|Any CPU.ActiveCfg = Release|Any CPU
		{C48A0B4A-985E-486C-AAE9-7A1BE177E8E0}.Release|Any CPU.Build.0 = Release|Any CPU
	EndGlobalSection
	GlobalSection(SolutionProperties) = preSolution
		HideSolutionNode = FALSE
	EndGlobalSection
EndGlobal
